{
  "name": "openclaw-agent-dashboard",
  "version": "1.0.36",
  "lockfileVersion": 3,
  "requires": true,
  "packages": {
    "": {
      "name": "openclaw-agent-dashboard",
      "version": "1.0.36",
      "license": "MIT",
      "dependencies": {
        "openclaw-agent-dashboard": "file:./plugin"
      },
      "bin": {
        "openclaw-agent-dashboard": "scripts/install.js"
      }
    },
    "node_modules/openclaw-agent-dashboard": {
      "resolved": "plugin",
      "link": true
    },
    "plugin": {
      "name": "openclaw-agent-dashboard",
      "version": "1.0.36",
      "license": "MIT"
    }
  }
}
