{
  "name": "openclaw-agent-dashboard",
  "version": "1.0.34",
  "lockfileVersion": 3,
  "requires": true,
  "packages": {
    "": {
      "name": "openclaw-agent-dashboard",
      "version": "1.0.34",
      "license": "MIT",
      "dependencies": {
        "openclaw-agent-dashboard": "^1.0.34"
      },
      "bin": {
        "openclaw-agent-dashboard": "scripts/install.js"
      }
    },
    "node_modules/openclaw-agent-dashboard": {
      "version": "1.0.34",
      "resolved": "https://registry.npmjs.org/openclaw-agent-dashboard/-/openclaw-agent-dashboard-1.0.34.tgz",
      "integrity": "sha512-Tp3IL/UaI6Gi6VXBggSmTMKBMLKa8Y8U+njYCdulm5QNXB4QLj+KzHP/23b2oREcqX/3LrdPsBJ50eNJVE/Thw==",
      "license": "MIT"
    }
  }
}
